// !$*UTF8*$!
{
	archiveVersion = 1;
	classes = {
	};
	objectVersion = 51;
	objects = {

/* Begin PBXBuildFile section */
		AB73DFF3604407128A815B1C /* Pods_Sudoku_Mole.framework in Frameworks */ = {isa = PBXBuildFile; fileRef = 14AE78D66C4288959B1217F7 /* Pods_Sudoku_Mole.framework */; };
		F60A38C423900DF4001B7749 /* NotificationCentre.swift in Sources */ = {isa = PBXBuildFile; fileRef = F60A38C323900DF4001B7749 /* NotificationCentre.swift */; };
		F60A38C623900E01001B7749 /* AppReviewHelper.swift in Sources */ = {isa = PBXBuildFile; fileRef = F60A38C523900E01001B7749 /* AppReviewHelper.swift */; };
		F619B9FA236F6A4D00DCEDF2 /* SudokuRecords.swift in Sources */ = {isa = PBXBuildFile; fileRef = F619B9F9236F6A4D00DCEDF2 /* SudokuRecords.swift */; };
		F619B9FE2370CD7900DCEDF2 /* Expert.plist in Resources */ = {isa = PBXBuildFile; fileRef = F619B9FD2370CD7900DCEDF2 /* Expert.plist */; };
		F62135CE2384F0BB00150686 /* GlobalSpace.swift in Sources */ = {isa = PBXBuildFile; fileRef = F62135CD2384F0BB00150686 /* GlobalSpace.swift */; };
		F62135D22385557500150686 /* DialogLabel.swift in Sources */ = {isa = PBXBuildFile; fileRef = F62135D12385557500150686 /* DialogLabel.swift */; };
		F62135D4238555D100150686 /* Protocols.swift in Sources */ = {isa = PBXBuildFile; fileRef = F62135D3238555D100150686 /* Protocols.swift */; };
		F639B1D52334C3D300CF921A /* AppDelegate.swift in Sources */ = {isa = PBXBuildFile; fileRef = F639B1D42334C3D300CF921A /* AppDelegate.swift */; };
		F639B1D72334C3D300CF921A /* HomeViewController.swift in Sources */ = {isa = PBXBuildFile; fileRef = F639B1D62334C3D300CF921A /* HomeViewController.swift */; };
		F639B1DA2334C3D300CF921A /* Main.storyboard in Resources */ = {isa = PBXBuildFile; fileRef = F639B1D82334C3D300CF921A /* Main.storyboard */; };
		F639B1DC2334C3D500CF921A /* Assets.xcassets in Resources */ = {isa = PBXBuildFile; fileRef = F639B1DB2334C3D500CF921A /* Assets.xcassets */; };
		F639B1DF2334C3D500CF921A /* LaunchScreen.storyboard in Resources */ = {isa = PBXBuildFile; fileRef = F639B1DD2334C3D500CF921A /* LaunchScreen.storyboard */; };
		F639B1E82334CA5E00CF921A /* LuckiestGuy-Regular.ttf in Resources */ = {isa = PBXBuildFile; fileRef = F639B1E72334CA5E00CF921A /* LuckiestGuy-Regular.ttf */; };
		F639B1F02336077700CF921A /* GameViewController.swift in Sources */ = {isa = PBXBuildFile; fileRef = F639B1EF2336077700CF921A /* GameViewController.swift */; };
		F6416A172389F14D00EC9A46 /* StoreKit.framework in Frameworks */ = {isa = PBXBuildFile; fileRef = F6416A162389F14D00EC9A46 /* StoreKit.framework */; };
		F6427E572375D63D0083C807 /* ExpertAnswers.plist in Resources */ = {isa = PBXBuildFile; fileRef = F6427E542375D63C0083C807 /* ExpertAnswers.plist */; };
		F6427E582375D63D0083C807 /* HardAnswers.plist in Resources */ = {isa = PBXBuildFile; fileRef = F6427E552375D63C0083C807 /* HardAnswers.plist */; };
		F64EBE572356865C0006094F /* SudokuClass.swift in Sources */ = {isa = PBXBuildFile; fileRef = F64EBE562356865C0006094F /* SudokuClass.swift */; };
		F64EBE59235686780006094F /* SudokuView.swift in Sources */ = {isa = PBXBuildFile; fileRef = F64EBE58235686780006094F /* SudokuView.swift */; };
		F64EBE5C235690AA0006094F /* Hard.plist in Resources */ = {isa = PBXBuildFile; fileRef = F64EBE5A235690AA0006094F /* Hard.plist */; };
		F64EBE5D235690AA0006094F /* Easy.plist in Resources */ = {isa = PBXBuildFile; fileRef = F64EBE5B235690AA0006094F /* Easy.plist */; };
		F6512DE5237A1934003997BA /* Game VC IAP.swift in Sources */ = {isa = PBXBuildFile; fileRef = F6512DE4237A1934003997BA /* Game VC IAP.swift */; };
		F6512DE7237B271C003997BA /* HalfCircleView.swift in Sources */ = {isa = PBXBuildFile; fileRef = F6512DE6237B271C003997BA /* HalfCircleView.swift */; };
		F65DCF20239255DC002BF3D1 /* SFProDisplay-Regular.ttf in Resources */ = {isa = PBXBuildFile; fileRef = F65DCF1923925557002BF3D1 /* SFProDisplay-Regular.ttf */; };
		F65DCF21239255DF002BF3D1 /* SFProDisplay-Bold.ttf in Resources */ = {isa = PBXBuildFile; fileRef = F65DCF1723925556002BF3D1 /* SFProDisplay-Bold.ttf */; };
		F65DCF22239255E2002BF3D1 /* SFProDisplay-Medium.ttf in Resources */ = {isa = PBXBuildFile; fileRef = F65DCF1823925556002BF3D1 /* SFProDisplay-Medium.ttf */; };
		F65DCF2423925B0B002BF3D1 /* CustomButton.swift in Sources */ = {isa = PBXBuildFile; fileRef = F65DCF2323925B0B002BF3D1 /* CustomButton.swift */; };
		F65DCF272392DFF1002BF3D1 /* SFProDisplay-Light.ttf in Resources */ = {isa = PBXBuildFile; fileRef = F65DCF252392DFF1002BF3D1 /* SFProDisplay-Light.ttf */; };
		F65DCF2A2392E913002BF3D1 /* Game Solved VC UIActivityVC Delegate.swift in Sources */ = {isa = PBXBuildFile; fileRef = F65DCF292392E913002BF3D1 /* Game Solved VC UIActivityVC Delegate.swift */; };
		F66AEA1623925102006E598B /* UIDevice.swift in Sources */ = {isa = PBXBuildFile; fileRef = F66AEA1523925102006E598B /* UIDevice.swift */; };
		F66AEA1823925112006E598B /* UIView Animations.swift in Sources */ = {isa = PBXBuildFile; fileRef = F66AEA1723925112006E598B /* UIView Animations.swift */; };
		F66AEA1A23925120006E598B /* UIButton.swift in Sources */ = {isa = PBXBuildFile; fileRef = F66AEA1923925120006E598B /* UIButton.swift */; };
		F66AEA1C23925127006E598B /* String.swift in Sources */ = {isa = PBXBuildFile; fileRef = F66AEA1B23925127006E598B /* String.swift */; };
		F66AEA1E23925130006E598B /* Substring.swift in Sources */ = {isa = PBXBuildFile; fileRef = F66AEA1D23925130006E598B /* Substring.swift */; };
		F66AEA2023925136006E598B /* Array.swift in Sources */ = {isa = PBXBuildFile; fileRef = F66AEA1F23925136006E598B /* Array.swift */; };
		F66D598523ACD4F30089B358 /* GoogleService-Info.plist in Resources */ = {isa = PBXBuildFile; fileRef = F66D598423ACD4F30089B358 /* GoogleService-Info.plist */; };
		F66E70A0238305FF0056528F /* PauseViewController.swift in Sources */ = {isa = PBXBuildFile; fileRef = F66E709F238305FF0056528F /* PauseViewController.swift */; };
		F6784F3D23630E61008171AC /* SudokuData.swift in Sources */ = {isa = PBXBuildFile; fileRef = F6784F3C23630E61008171AC /* SudokuData.swift */; };
		F68DADDB23AB4143002D6753 /* NoADLabel.swift in Sources */ = {isa = PBXBuildFile; fileRef = F68DADDA23AB4143002D6753 /* NoADLabel.swift */; };
		F6A05A892387183600ED0428 /* Localizable.strings in Resources */ = {isa = PBXBuildFile; fileRef = F6A05A8B2387183600ED0428 /* Localizable.strings */; };
		F6A05A982389BF5E00ED0428 /* PaddedLabel.swift in Sources */ = {isa = PBXBuildFile; fileRef = F6A05A972389BF5E00ED0428 /* PaddedLabel.swift */; };
		F6A1833223CD33590014915C /* Normal.plist in Resources */ = {isa = PBXBuildFile; fileRef = F6A1833123CD33590014915C /* Normal.plist */; };
		F6A1833423CD4AB70014915C /* Game VC SaveAndLoad.swift in Sources */ = {isa = PBXBuildFile; fileRef = F6A1833323CD4AB70014915C /* Game VC SaveAndLoad.swift */; };
		F6A1834223CDD1830014915C /* BGM0.mp3 in Resources */ = {isa = PBXBuildFile; fileRef = F6A1833723CDD1830014915C /* BGM0.mp3 */; };
		F6A1834323CDD1830014915C /* inGameMenuAndButtons.mp3 in Resources */ = {isa = PBXBuildFile; fileRef = F6A1833823CDD1830014915C /* inGameMenuAndButtons.mp3 */; };
		F6A1834423CDD1830014915C /* countdown.mp3 in Resources */ = {isa = PBXBuildFile; fileRef = F6A1833923CDD1830014915C /* countdown.mp3 */; };
		F6A1834523CDD1830014915C /* startAndLevel.mp3 in Resources */ = {isa = PBXBuildFile; fileRef = F6A1833A23CDD1830014915C /* startAndLevel.mp3 */; };
		F6A1834623CDD1830014915C /* inGameKeypad.mp3 in Resources */ = {isa = PBXBuildFile; fileRef = F6A1833B23CDD1830014915C /* inGameKeypad.mp3 */; };
		F6A1834723CDD1830014915C /* inGameBoardTouch.mp3 in Resources */ = {isa = PBXBuildFile; fileRef = F6A1833C23CDD1830014915C /* inGameBoardTouch.mp3 */; };
		F6A1834823CDD1830014915C /* inGameChance.mp3 in Resources */ = {isa = PBXBuildFile; fileRef = F6A1833D23CDD1830014915C /* inGameChance.mp3 */; };
		F6A1834923CDD1830014915C /* inGameWrong.mp3 in Resources */ = {isa = PBXBuildFile; fileRef = F6A1833E23CDD1830014915C /* inGameWrong.mp3 */; };
		F6A1834A23CDD1830014915C /* gameSolvedFirework.mp3 in Resources */ = {isa = PBXBuildFile; fileRef = F6A1833F23CDD1830014915C /* gameSolvedFirework.mp3 */; };
		F6A1834B23CDD1830014915C /* inGamePause.mp3 in Resources */ = {isa = PBXBuildFile; fileRef = F6A1834023CDD1830014915C /* inGamePause.mp3 */; };
		F6A1834C23CDD1830014915C /* BGM1.mp3 in Resources */ = {isa = PBXBuildFile; fileRef = F6A1834123CDD1830014915C /* BGM1.mp3 */; };
		F6A3409E237DB1AC00194C60 /* RecordsPageViewController.swift in Sources */ = {isa = PBXBuildFile; fileRef = F6A3409D237DB1AC00194C60 /* RecordsPageViewController.swift */; };
		F6A340A0237DD56000194C60 /* EasyViewController.swift in Sources */ = {isa = PBXBuildFile; fileRef = F6A3409F237DD56000194C60 /* EasyViewController.swift */; };
		F6A340A2237DD56E00194C60 /* NormalViewController.swift in Sources */ = {isa = PBXBuildFile; fileRef = F6A340A1237DD56E00194C60 /* NormalViewController.swift */; };
		F6A340A4237DD57600194C60 /* HardViewController.swift in Sources */ = {isa = PBXBuildFile; fileRef = F6A340A3237DD57600194C60 /* HardViewController.swift */; };
		F6A340A6237DD57E00194C60 /* ExpertViewController.swift in Sources */ = {isa = PBXBuildFile; fileRef = F6A340A5237DD57E00194C60 /* ExpertViewController.swift */; };
		F6A608F62381E00100560E19 /* GameSolvedTableViewCell.swift in Sources */ = {isa = PBXBuildFile; fileRef = F6A608F52381E00100560E19 /* GameSolvedTableViewCell.swift */; };
		F6A608F82381E9E800560E19 /* RecordsTableViewCell.swift in Sources */ = {isa = PBXBuildFile; fileRef = F6A608F72381E9E800560E19 /* RecordsTableViewCell.swift */; };
		F6BBAAE923722BAF008B6059 /* NormalAnswers.plist in Resources */ = {isa = PBXBuildFile; fileRef = F6BBAAE823722BAF008B6059 /* NormalAnswers.plist */; };
		F6BBAAEB237248A4008B6059 /* SudokuIAP.swift in Sources */ = {isa = PBXBuildFile; fileRef = F6BBAAEA237248A4008B6059 /* SudokuIAP.swift */; };
		F6CC944D237E407200F585AC /* GridView.swift in Sources */ = {isa = PBXBuildFile; fileRef = F6CC944C237E407200F585AC /* GridView.swift */; };
		F6CC944F237F08C900F585AC /* RecordsCircularView.swift in Sources */ = {isa = PBXBuildFile; fileRef = F6CC944E237F08C900F585AC /* RecordsCircularView.swift */; };
		F6D652F1238B542900E6D810 /* Chance6Side.json in Resources */ = {isa = PBXBuildFile; fileRef = F6D652DF238B542800E6D810 /* Chance6Side.json */; };
		F6D652F2238B542900E6D810 /* Chance8.json in Resources */ = {isa = PBXBuildFile; fileRef = F6D652E0238B542800E6D810 /* Chance8.json */; };
		F6D652F3238B542900E6D810 /* Chance5Side.json in Resources */ = {isa = PBXBuildFile; fileRef = F6D652E1238B542800E6D810 /* Chance5Side.json */; };
		F6D652F4238B542900E6D810 /* Chance8Side.json in Resources */ = {isa = PBXBuildFile; fileRef = F6D652E2238B542800E6D810 /* Chance8Side.json */; };
		F6D652F5238B542900E6D810 /* Chance4Side.json in Resources */ = {isa = PBXBuildFile; fileRef = F6D652E3238B542800E6D810 /* Chance4Side.json */; };
		F6D652F6238B542900E6D810 /* Chance1Side.json in Resources */ = {isa = PBXBuildFile; fileRef = F6D652E4238B542800E6D810 /* Chance1Side.json */; };
		F6D652F7238B542900E6D810 /* Chance9Side.json in Resources */ = {isa = PBXBuildFile; fileRef = F6D652E5238B542900E6D810 /* Chance9Side.json */; };
		F6D652F8238B542900E6D810 /* Chance3.json in Resources */ = {isa = PBXBuildFile; fileRef = F6D652E6238B542900E6D810 /* Chance3.json */; };
		F6D652F9238B542900E6D810 /* Chance2.json in Resources */ = {isa = PBXBuildFile; fileRef = F6D652E7238B542900E6D810 /* Chance2.json */; };
		F6D652FA238B542900E6D810 /* Chance1.json in Resources */ = {isa = PBXBuildFile; fileRef = F6D652E8238B542900E6D810 /* Chance1.json */; };
		F6D652FB238B542900E6D810 /* Chance9.json in Resources */ = {isa = PBXBuildFile; fileRef = F6D652E9238B542900E6D810 /* Chance9.json */; };
		F6D652FC238B542900E6D810 /* Chance4.json in Resources */ = {isa = PBXBuildFile; fileRef = F6D652EA238B542900E6D810 /* Chance4.json */; };
		F6D652FD238B542900E6D810 /* Chance7Side.json in Resources */ = {isa = PBXBuildFile; fileRef = F6D652EB238B542900E6D810 /* Chance7Side.json */; };
		F6D652FE238B542900E6D810 /* Chance6.json in Resources */ = {isa = PBXBuildFile; fileRef = F6D652EC238B542900E6D810 /* Chance6.json */; };
		F6D652FF238B542900E6D810 /* Chance5.json in Resources */ = {isa = PBXBuildFile; fileRef = F6D652ED238B542900E6D810 /* Chance5.json */; };
		F6D65300238B542900E6D810 /* Chance7.json in Resources */ = {isa = PBXBuildFile; fileRef = F6D652EE238B542900E6D810 /* Chance7.json */; };
		F6D65301238B542900E6D810 /* Chance2Side.json in Resources */ = {isa = PBXBuildFile; fileRef = F6D652EF238B542900E6D810 /* Chance2Side.json */; };
		F6D65302238B542900E6D810 /* Chance3Side.json in Resources */ = {isa = PBXBuildFile; fileRef = F6D652F0238B542900E6D810 /* Chance3Side.json */; };
		F6D65306238BC8B100E6D810 /* Firework.json in Resources */ = {isa = PBXBuildFile; fileRef = F6D65305238BC8B100E6D810 /* Firework.json */; };
		F6F8F1922390B7E400F65449 /* LicensesViewController.swift in Sources */ = {isa = PBXBuildFile; fileRef = F6F8F1912390B7E400F65449 /* LicensesViewController.swift */; };
		F6F8F19423912B1500F65449 /* Intro.json in Resources */ = {isa = PBXBuildFile; fileRef = F6F8F19323912B1500F65449 /* Intro.json */; };
		F6F8F1992391493800F65449 /* Blank0.json in Resources */ = {isa = PBXBuildFile; fileRef = F6F8F1972391493800F65449 /* Blank0.json */; };
		F6F8F19A2391493800F65449 /* Blank1.json in Resources */ = {isa = PBXBuildFile; fileRef = F6F8F1982391493800F65449 /* Blank1.json */; };
		F6F8F1A02392440700F65449 /* GameVC TipViews.swift in Sources */ = {isa = PBXBuildFile; fileRef = F6F8F19F2392440700F65449 /* GameVC TipViews.swift */; };
		F6F8F1A22392441C00F65449 /* GameVC Constraints.swift in Sources */ = {isa = PBXBuildFile; fileRef = F6F8F1A12392441C00F65449 /* GameVC Constraints.swift */; };
		F6F8F1A42392498400F65449 /* GameVC Gesture Recognisers.swift in Sources */ = {isa = PBXBuildFile; fileRef = F6F8F1A32392498400F65449 /* GameVC Gesture Recognisers.swift */; };
		F6F8F1A6239249C900F65449 /* GameVC Timer.swift in Sources */ = {isa = PBXBuildFile; fileRef = F6F8F1A5239249C900F65449 /* GameVC Timer.swift */; };
		F6F8F1A8239249F300F65449 /* Game VC Life.swift in Sources */ = {isa = PBXBuildFile; fileRef = F6F8F1A7239249F300F65449 /* Game VC Life.swift */; };
		F6F8F1AA23924A1E00F65449 /* Game VC AD.swift in Sources */ = {isa = PBXBuildFile; fileRef = F6F8F1A923924A1E00F65449 /* Game VC AD.swift */; };
		F6F8F1AC23924A4600F65449 /* Game VC Chance.swift in Sources */ = {isa = PBXBuildFile; fileRef = F6F8F1AB23924A4600F65449 /* Game VC Chance.swift */; };
		F6F8F1B023924C5200F65449 /* Home VC Lottie.swift in Sources */ = {isa = PBXBuildFile; fileRef = F6F8F1AF23924C5200F65449 /* Home VC Lottie.swift */; };
		F6F8F1B223924C6200F65449 /* Home VC Puzzle Generator.swift in Sources */ = {isa = PBXBuildFile; fileRef = F6F8F1B123924C6200F65449 /* Home VC Puzzle Generator.swift */; };
		F6F8F1B923924DFF00F65449 /* Game VC GAD.swift in Sources */ = {isa = PBXBuildFile; fileRef = F6F8F1B823924DFF00F65449 /* Game VC GAD.swift */; };
		F6FC487D2385676F0033E358 /* EasyAnswers.plist in Resources */ = {isa = PBXBuildFile; fileRef = F6FC487C2385676F0033E358 /* EasyAnswers.plist */; };
		F6FD9F8E2382288700A44649 /* InsetLabel.swift in Sources */ = {isa = PBXBuildFile; fileRef = F6FD9F8D2382288700A44649 /* InsetLabel.swift */; };
		F6FD9F902382B20A00A44649 /* DoubletapRemover.swift in Sources */ = {isa = PBXBuildFile; fileRef = F6FD9F8F2382B20A00A44649 /* DoubletapRemover.swift */; };
		F6FED28D2368542400D2BDD3 /* Game Solved VC GAD.swift in Sources */ = {isa = PBXBuildFile; fileRef = F6FED28C2368542400D2BDD3 /* Game Solved VC GAD.swift */; };
		F6FED28F2368CF6A00D2BDD3 /* CustomAlertViewController.swift in Sources */ = {isa = PBXBuildFile; fileRef = F6FED28E2368CF6A00D2BDD3 /* CustomAlertViewController.swift */; };
		F6FED291236A0D9900D2BDD3 /* GameVC MenuView.swift in Sources */ = {isa = PBXBuildFile; fileRef = F6FED290236A0D9900D2BDD3 /* GameVC MenuView.swift */; };
		F6FED295236A0E9300D2BDD3 /* GameVC UISetup.swift in Sources */ = {isa = PBXBuildFile; fileRef = F6FED294236A0E9300D2BDD3 /* GameVC UISetup.swift */; };
		F6FED297236A0F3100D2BDD3 /* SudokuSwitches.swift in Sources */ = {isa = PBXBuildFile; fileRef = F6FED296236A0F3100D2BDD3 /* SudokuSwitches.swift */; };
		F6FED2A0236A8B0E00D2BDD3 /* HomeVCUISetup.swift in Sources */ = {isa = PBXBuildFile; fileRef = F6FED29F236A8B0E00D2BDD3 /* HomeVCUISetup.swift */; };
		F6FED2A2236CC14F00D2BDD3 /* CircularLabel.swift in Sources */ = {isa = PBXBuildFile; fileRef = F6FED2A1236CC14F00D2BDD3 /* CircularLabel.swift */; };
		F6FED2A4236CC8B900D2BDD3 /* GameSolvedViewController.swift in Sources */ = {isa = PBXBuildFile; fileRef = F6FED2A3236CC8B900D2BDD3 /* GameSolvedViewController.swift */; };
/* End PBXBuildFile section */

/* Begin PBXFileReference section */
		14AE78D66C4288959B1217F7 /* Pods_Sudoku_Mole.framework */ = {isa = PBXFileReference; explicitFileType = wrapper.framework; includeInIndex = 0; path = Pods_Sudoku_Mole.framework; sourceTree = BUILT_PRODUCTS_DIR; };
		16EA470BF123ACCED934E605 /* Pods-Sudoku Mole.release.xcconfig */ = {isa = PBXFileReference; includeInIndex = 1; lastKnownFileType = text.xcconfig; name = "Pods-Sudoku Mole.release.xcconfig"; path = "Target Support Files/Pods-Sudoku Mole/Pods-Sudoku Mole.release.xcconfig"; sourceTree = "<group>"; };
		9957D428FBA3237F23B1A99A /* Pods-Sudoku Mole.debug.xcconfig */ = {isa = PBXFileReference; includeInIndex = 1; lastKnownFileType = text.xcconfig; name = "Pods-Sudoku Mole.debug.xcconfig"; path = "Target Support Files/Pods-Sudoku Mole/Pods-Sudoku Mole.debug.xcconfig"; sourceTree = "<group>"; };
		F60A38C323900DF4001B7749 /* NotificationCentre.swift */ = {isa = PBXFileReference; lastKnownFileType = sourcecode.swift; path = NotificationCentre.swift; sourceTree = "<group>"; };
		F60A38C523900E01001B7749 /* AppReviewHelper.swift */ = {isa = PBXFileReference; lastKnownFileType = sourcecode.swift; path = AppReviewHelper.swift; sourceTree = "<group>"; };
		F60A38C723901A2C001B7749 /* Sudoku Mole.entitlements */ = {isa = PBXFileReference; lastKnownFileType = text.plist.entitlements; path = "Sudoku Mole.entitlements"; sourceTree = "<group>"; };
		F619B9F9236F6A4D00DCEDF2 /* SudokuRecords.swift */ = {isa = PBXFileReference; lastKnownFileType = sourcecode.swift; path = SudokuRecords.swift; sourceTree = "<group>"; };
		F619B9FD2370CD7900DCEDF2 /* Expert.plist */ = {isa = PBXFileReference; fileEncoding = 4; lastKnownFileType = text.plist.xml; path = Expert.plist; sourceTree = "<group>"; };
		F62135CD2384F0BB00150686 /* GlobalSpace.swift */ = {isa = PBXFileReference; lastKnownFileType = sourcecode.swift; path = GlobalSpace.swift; sourceTree = "<group>"; };
		F62135D12385557500150686 /* DialogLabel.swift */ = {isa = PBXFileReference; lastKnownFileType = sourcecode.swift; path = DialogLabel.swift; sourceTree = "<group>"; };
		F62135D3238555D100150686 /* Protocols.swift */ = {isa = PBXFileReference; lastKnownFileType = sourcecode.swift; path = Protocols.swift; sourceTree = "<group>"; };
		F639B1D12334C3D300CF921A /* Sudoku Mole.app */ = {isa = PBXFileReference; explicitFileType = wrapper.application; includeInIndex = 0; path = "Sudoku Mole.app"; sourceTree = BUILT_PRODUCTS_DIR; };
		F639B1D42334C3D300CF921A /* AppDelegate.swift */ = {isa = PBXFileReference; lastKnownFileType = sourcecode.swift; path = AppDelegate.swift; sourceTree = "<group>"; };
		F639B1D62334C3D300CF921A /* HomeViewController.swift */ = {isa = PBXFileReference; lastKnownFileType = sourcecode.swift; path = HomeViewController.swift; sourceTree = "<group>"; };
		F639B1D92334C3D300CF921A /* Base */ = {isa = PBXFileReference; lastKnownFileType = file.storyboard; name = Base; path = Base.lproj/Main.storyboard; sourceTree = "<group>"; };
		F639B1DB2334C3D500CF921A /* Assets.xcassets */ = {isa = PBXFileReference; lastKnownFileType = folder.assetcatalog; path = Assets.xcassets; sourceTree = "<group>"; };
		F639B1DE2334C3D500CF921A /* Base */ = {isa = PBXFileReference; lastKnownFileType = file.storyboard; name = Base; path = Base.lproj/LaunchScreen.storyboard; sourceTree = "<group>"; };
		F639B1E02334C3D500CF921A /* Info.plist */ = {isa = PBXFileReference; lastKnownFileType = text.plist.xml; path = Info.plist; sourceTree = "<group>"; };
		F639B1E72334CA5E00CF921A /* LuckiestGuy-Regular.ttf */ = {isa = PBXFileReference; lastKnownFileType = file; path = "LuckiestGuy-Regular.ttf"; sourceTree = "<group>"; };
		F639B1EF2336077700CF921A /* GameViewController.swift */ = {isa = PBXFileReference; lastKnownFileType = sourcecode.swift; path = GameViewController.swift; sourceTree = "<group>"; };
		F6416A162389F14D00EC9A46 /* StoreKit.framework */ = {isa = PBXFileReference; lastKnownFileType = wrapper.framework; name = StoreKit.framework; path = System/Library/Frameworks/StoreKit.framework; sourceTree = SDKROOT; };
		F6427E542375D63C0083C807 /* ExpertAnswers.plist */ = {isa = PBXFileReference; fileEncoding = 4; lastKnownFileType = text.plist.xml; path = ExpertAnswers.plist; sourceTree = "<group>"; };
		F6427E552375D63C0083C807 /* HardAnswers.plist */ = {isa = PBXFileReference; fileEncoding = 4; lastKnownFileType = text.plist.xml; path = HardAnswers.plist; sourceTree = "<group>"; };
		F64EBE562356865C0006094F /* SudokuClass.swift */ = {isa = PBXFileReference; lastKnownFileType = sourcecode.swift; path = SudokuClass.swift; sourceTree = "<group>"; };
		F64EBE58235686780006094F /* SudokuView.swift */ = {isa = PBXFileReference; lastKnownFileType = sourcecode.swift; path = SudokuView.swift; sourceTree = "<group>"; };
		F64EBE5A235690AA0006094F /* Hard.plist */ = {isa = PBXFileReference; fileEncoding = 4; lastKnownFileType = text.plist.xml; path = Hard.plist; sourceTree = "<group>"; };
		F64EBE5B235690AA0006094F /* Easy.plist */ = {isa = PBXFileReference; fileEncoding = 4; lastKnownFileType = text.plist.xml; path = Easy.plist; sourceTree = "<group>"; };
		F6512DE4237A1934003997BA /* Game VC IAP.swift */ = {isa = PBXFileReference; lastKnownFileType = sourcecode.swift; path = "Game VC IAP.swift"; sourceTree = "<group>"; };
		F6512DE6237B271C003997BA /* HalfCircleView.swift */ = {isa = PBXFileReference; lastKnownFileType = sourcecode.swift; path = HalfCircleView.swift; sourceTree = "<group>"; };
		F65DCF1723925556002BF3D1 /* SFProDisplay-Bold.ttf */ = {isa = PBXFileReference; lastKnownFileType = file; path = "SFProDisplay-Bold.ttf"; sourceTree = "<group>"; };
		F65DCF1823925556002BF3D1 /* SFProDisplay-Medium.ttf */ = {isa = PBXFileReference; lastKnownFileType = file; path = "SFProDisplay-Medium.ttf"; sourceTree = "<group>"; };
		F65DCF1923925557002BF3D1 /* SFProDisplay-Regular.ttf */ = {isa = PBXFileReference; lastKnownFileType = file; path = "SFProDisplay-Regular.ttf"; sourceTree = "<group>"; };
		F65DCF2323925B0B002BF3D1 /* CustomButton.swift */ = {isa = PBXFileReference; lastKnownFileType = sourcecode.swift; path = CustomButton.swift; sourceTree = "<group>"; };
		F65DCF252392DFF1002BF3D1 /* SFProDisplay-Light.ttf */ = {isa = PBXFileReference; lastKnownFileType = file; path = "SFProDisplay-Light.ttf"; sourceTree = "<group>"; };
		F65DCF292392E913002BF3D1 /* Game Solved VC UIActivityVC Delegate.swift */ = {isa = PBXFileReference; lastKnownFileType = sourcecode.swift; path = "Game Solved VC UIActivityVC Delegate.swift"; sourceTree = "<group>"; };
		F66AEA1523925102006E598B /* UIDevice.swift */ = {isa = PBXFileReference; lastKnownFileType = sourcecode.swift; path = UIDevice.swift; sourceTree = "<group>"; };
		F66AEA1723925112006E598B /* UIView Animations.swift */ = {isa = PBXFileReference; lastKnownFileType = sourcecode.swift; path = "UIView Animations.swift"; sourceTree = "<group>"; };
		F66AEA1923925120006E598B /* UIButton.swift */ = {isa = PBXFileReference; lastKnownFileType = sourcecode.swift; path = UIButton.swift; sourceTree = "<group>"; };
		F66AEA1B23925127006E598B /* String.swift */ = {isa = PBXFileReference; lastKnownFileType = sourcecode.swift; path = String.swift; sourceTree = "<group>"; };
		F66AEA1D23925130006E598B /* Substring.swift */ = {isa = PBXFileReference; lastKnownFileType = sourcecode.swift; path = Substring.swift; sourceTree = "<group>"; };
		F66AEA1F23925136006E598B /* Array.swift */ = {isa = PBXFileReference; lastKnownFileType = sourcecode.swift; path = Array.swift; sourceTree = "<group>"; };
		F66D598423ACD4F30089B358 /* GoogleService-Info.plist */ = {isa = PBXFileReference; fileEncoding = 4; lastKnownFileType = text.plist.xml; path = "GoogleService-Info.plist"; sourceTree = "<group>"; };
		F66E709F238305FF0056528F /* PauseViewController.swift */ = {isa = PBXFileReference; lastKnownFileType = sourcecode.swift; path = PauseViewController.swift; sourceTree = "<group>"; };
		F6784F3C23630E61008171AC /* SudokuData.swift */ = {isa = PBXFileReference; lastKnownFileType = sourcecode.swift; path = SudokuData.swift; sourceTree = "<group>"; };
		F68DADDA23AB4143002D6753 /* NoADLabel.swift */ = {isa = PBXFileReference; lastKnownFileType = sourcecode.swift; path = NoADLabel.swift; sourceTree = "<group>"; };
		F6A05A7F2387164600ED0428 /* ko */ = {isa = PBXFileReference; lastKnownFileType = text.plist.strings; name = ko; path = ko.lproj/Main.strings; sourceTree = "<group>"; };
		F6A05A802387164700ED0428 /* ko */ = {isa = PBXFileReference; lastKnownFileType = text.plist.strings; name = ko; path = ko.lproj/LaunchScreen.strings; sourceTree = "<group>"; };
		F6A05A812387168C00ED0428 /* zh-Hans */ = {isa = PBXFileReference; lastKnownFileType = text.plist.strings; name = "zh-Hans"; path = "zh-Hans.lproj/Main.strings"; sourceTree = "<group>"; };
		F6A05A822387168C00ED0428 /* zh-Hans */ = {isa = PBXFileReference; lastKnownFileType = text.plist.strings; name = "zh-Hans"; path = "zh-Hans.lproj/LaunchScreen.strings"; sourceTree = "<group>"; };
		F6A05A8A2387183600ED0428 /* ko */ = {isa = PBXFileReference; lastKnownFileType = text.plist.strings; name = ko; path = ko.lproj/Localizable.strings; sourceTree = "<group>"; };
		F6A05A9323871DF500ED0428 /* zh-Hans */ = {isa = PBXFileReference; lastKnownFileType = text.plist.strings; name = "zh-Hans"; path = "zh-Hans.lproj/Localizable.strings"; sourceTree = "<group>"; };
		F6A05A9423871EFA00ED0428 /* zh-HK */ = {isa = PBXFileReference; lastKnownFileType = text.plist.strings; name = "zh-HK"; path = "zh-HK.lproj/Main.strings"; sourceTree = "<group>"; };
		F6A05A9523871EFB00ED0428 /* zh-HK */ = {isa = PBXFileReference; lastKnownFileType = text.plist.strings; name = "zh-HK"; path = "zh-HK.lproj/LaunchScreen.strings"; sourceTree = "<group>"; };
		F6A05A9623871EFB00ED0428 /* zh-HK */ = {isa = PBXFileReference; lastKnownFileType = text.plist.strings; name = "zh-HK"; path = "zh-HK.lproj/Localizable.strings"; sourceTree = "<group>"; };
		F6A05A972389BF5E00ED0428 /* PaddedLabel.swift */ = {isa = PBXFileReference; lastKnownFileType = sourcecode.swift; path = PaddedLabel.swift; sourceTree = "<group>"; };
		F6A1833123CD33590014915C /* Normal.plist */ = {isa = PBXFileReference; fileEncoding = 4; lastKnownFileType = text.plist.xml; path = Normal.plist; sourceTree = "<group>"; };
		F6A1833323CD4AB70014915C /* Game VC SaveAndLoad.swift */ = {isa = PBXFileReference; lastKnownFileType = sourcecode.swift; path = "Game VC SaveAndLoad.swift"; sourceTree = "<group>"; };
		F6A1833723CDD1830014915C /* BGM0.mp3 */ = {isa = PBXFileReference; lastKnownFileType = audio.mp3; name = BGM0.mp3; path = "Sound Effects in Use/BGM0.mp3"; sourceTree = "<group>"; };
		F6A1833823CDD1830014915C /* inGameMenuAndButtons.mp3 */ = {isa = PBXFileReference; lastKnownFileType = audio.mp3; name = inGameMenuAndButtons.mp3; path = "Sound Effects in Use/inGameMenuAndButtons.mp3"; sourceTree = "<group>"; };
		F6A1833923CDD1830014915C /* countdown.mp3 */ = {isa = PBXFileReference; lastKnownFileType = audio.mp3; name = countdown.mp3; path = "Sound Effects in Use/countdown.mp3"; sourceTree = "<group>"; };
		F6A1833A23CDD1830014915C /* startAndLevel.mp3 */ = {isa = PBXFileReference; lastKnownFileType = audio.mp3; name = startAndLevel.mp3; path = "Sound Effects in Use/startAndLevel.mp3"; sourceTree = "<group>"; };
		F6A1833B23CDD1830014915C /* inGameKeypad.mp3 */ = {isa = PBXFileReference; lastKnownFileType = audio.mp3; name = inGameKeypad.mp3; path = "Sound Effects in Use/inGameKeypad.mp3"; sourceTree = "<group>"; };
		F6A1833C23CDD1830014915C /* inGameBoardTouch.mp3 */ = {isa = PBXFileReference; lastKnownFileType = audio.mp3; name = inGameBoardTouch.mp3; path = "Sound Effects in Use/inGameBoardTouch.mp3"; sourceTree = "<group>"; };
		F6A1833D23CDD1830014915C /* inGameChance.mp3 */ = {isa = PBXFileReference; lastKnownFileType = audio.mp3; name = inGameChance.mp3; path = "Sound Effects in Use/inGameChance.mp3"; sourceTree = "<group>"; };
		F6A1833E23CDD1830014915C /* inGameWrong.mp3 */ = {isa = PBXFileReference; lastKnownFileType = audio.mp3; name = inGameWrong.mp3; path = "Sound Effects in Use/inGameWrong.mp3"; sourceTree = "<group>"; };
		F6A1833F23CDD1830014915C /* gameSolvedFirework.mp3 */ = {isa = PBXFileReference; lastKnownFileType = audio.mp3; name = gameSolvedFirework.mp3; path = "Sound Effects in Use/gameSolvedFirework.mp3"; sourceTree = "<group>"; };
		F6A1834023CDD1830014915C /* inGamePause.mp3 */ = {isa = PBXFileReference; lastKnownFileType = audio.mp3; name = inGamePause.mp3; path = "Sound Effects in Use/inGamePause.mp3"; sourceTree = "<group>"; };
		F6A1834123CDD1830014915C /* BGM1.mp3 */ = {isa = PBXFileReference; lastKnownFileType = audio.mp3; name = BGM1.mp3; path = "Sound Effects in Use/BGM1.mp3"; sourceTree = "<group>"; };
		F6A3409D237DB1AC00194C60 /* RecordsPageViewController.swift */ = {isa = PBXFileReference; lastKnownFileType = sourcecode.swift; path = RecordsPageViewController.swift; sourceTree = "<group>"; };
		F6A3409F237DD56000194C60 /* EasyViewController.swift */ = {isa = PBXFileReference; lastKnownFileType = sourcecode.swift; path = EasyViewController.swift; sourceTree = "<group>"; };
		F6A340A1237DD56E00194C60 /* NormalViewController.swift */ = {isa = PBXFileReference; lastKnownFileType = sourcecode.swift; path = NormalViewController.swift; sourceTree = "<group>"; };
		F6A340A3237DD57600194C60 /* HardViewController.swift */ = {isa = PBXFileReference; lastKnownFileType = sourcecode.swift; path = HardViewController.swift; sourceTree = "<group>"; };
		F6A340A5237DD57E00194C60 /* ExpertViewController.swift */ = {isa = PBXFileReference; lastKnownFileType = sourcecode.swift; path = ExpertViewController.swift; sourceTree = "<group>"; };
		F6A608F52381E00100560E19 /* GameSolvedTableViewCell.swift */ = {isa = PBXFileReference; lastKnownFileType = sourcecode.swift; path = GameSolvedTableViewCell.swift; sourceTree = "<group>"; };
		F6A608F72381E9E800560E19 /* RecordsTableViewCell.swift */ = {isa = PBXFileReference; lastKnownFileType = sourcecode.swift; path = RecordsTableViewCell.swift; sourceTree = "<group>"; };
		F6BBAAE823722BAF008B6059 /* NormalAnswers.plist */ = {isa = PBXFileReference; fileEncoding = 4; lastKnownFileType = text.plist.xml; path = NormalAnswers.plist; sourceTree = "<group>"; };
		F6BBAAEA237248A4008B6059 /* SudokuIAP.swift */ = {isa = PBXFileReference; lastKnownFileType = sourcecode.swift; path = SudokuIAP.swift; sourceTree = "<group>"; };
		F6CC944C237E407200F585AC /* GridView.swift */ = {isa = PBXFileReference; lastKnownFileType = sourcecode.swift; path = GridView.swift; sourceTree = "<group>"; };
		F6CC944E237F08C900F585AC /* RecordsCircularView.swift */ = {isa = PBXFileReference; lastKnownFileType = sourcecode.swift; path = RecordsCircularView.swift; sourceTree = "<group>"; };
		F6D652DF238B542800E6D810 /* Chance6Side.json */ = {isa = PBXFileReference; fileEncoding = 4; lastKnownFileType = text.json; path = Chance6Side.json; sourceTree = "<group>"; };
		F6D652E0238B542800E6D810 /* Chance8.json */ = {isa = PBXFileReference; fileEncoding = 4; lastKnownFileType = text.json; path = Chance8.json; sourceTree = "<group>"; };
		F6D652E1238B542800E6D810 /* Chance5Side.json */ = {isa = PBXFileReference; fileEncoding = 4; lastKnownFileType = text.json; path = Chance5Side.json; sourceTree = "<group>"; };
		F6D652E2238B542800E6D810 /* Chance8Side.json */ = {isa = PBXFileReference; fileEncoding = 4; lastKnownFileType = text.json; path = Chance8Side.json; sourceTree = "<group>"; };
		F6D652E3238B542800E6D810 /* Chance4Side.json */ = {isa = PBXFileReference; fileEncoding = 4; lastKnownFileType = text.json; path = Chance4Side.json; sourceTree = "<group>"; };
		F6D652E4238B542800E6D810 /* Chance1Side.json */ = {isa = PBXFileReference; fileEncoding = 4; lastKnownFileType = text.json; path = Chance1Side.json; sourceTree = "<group>"; };
		F6D652E5238B542900E6D810 /* Chance9Side.json */ = {isa = PBXFileReference; fileEncoding = 4; lastKnownFileType = text.json; path = Chance9Side.json; sourceTree = "<group>"; };
		F6D652E6238B542900E6D810 /* Chance3.json */ = {isa = PBXFileReference; fileEncoding = 4; lastKnownFileType = text.json; path = Chance3.json; sourceTree = "<group>"; };
		F6D652E7238B542900E6D810 /* Chance2.json */ = {isa = PBXFileReference; fileEncoding = 4; lastKnownFileType = text.json; path = Chance2.json; sourceTree = "<group>"; };
		F6D652E8238B542900E6D810 /* Chance1.json */ = {isa = PBXFileReference; fileEncoding = 4; lastKnownFileType = text.json; path = Chance1.json; sourceTree = "<group>"; };
		F6D652E9238B542900E6D810 /* Chance9.json */ = {isa = PBXFileReference; fileEncoding = 4; lastKnownFileType = text.json; path = Chance9.json; sourceTree = "<group>"; };
		F6D652EA238B542900E6D810 /* Chance4.json */ = {isa = PBXFileReference; fileEncoding = 4; lastKnownFileType = text.json; path = Chance4.json; sourceTree = "<group>"; };
		F6D652EB238B542900E6D810 /* Chance7Side.json */ = {isa = PBXFileReference; fileEncoding = 4; lastKnownFileType = text.json; path = Chance7Side.json; sourceTree = "<group>"; };
		F6D652EC238B542900E6D810 /* Chance6.json */ = {isa = PBXFileReference; fileEncoding = 4; lastKnownFileType = text.json; path = Chance6.json; sourceTree = "<group>"; };
		F6D652ED238B542900E6D810 /* Chance5.json */ = {isa = PBXFileReference; fileEncoding = 4; lastKnownFileType = text.json; path = Chance5.json; sourceTree = "<group>"; };
		F6D652EE238B542900E6D810 /* Chance7.json */ = {isa = PBXFileReference; fileEncoding = 4; lastKnownFileType = text.json; path = Chance7.json; sourceTree = "<group>"; };
		F6D652EF238B542900E6D810 /* Chance2Side.json */ = {isa = PBXFileReference; fileEncoding = 4; lastKnownFileType = text.json; path = Chance2Side.json; sourceTree = "<group>"; };
		F6D652F0238B542900E6D810 /* Chance3Side.json */ = {isa = PBXFileReference; fileEncoding = 4; lastKnownFileType = text.json; path = Chance3Side.json; sourceTree = "<group>"; };
		F6D65305238BC8B100E6D810 /* Firework.json */ = {isa = PBXFileReference; fileEncoding = 4; lastKnownFileType = text.json; path = Firework.json; sourceTree = "<group>"; };
		F6F8F1912390B7E400F65449 /* LicensesViewController.swift */ = {isa = PBXFileReference; lastKnownFileType = sourcecode.swift; path = LicensesViewController.swift; sourceTree = "<group>"; };
		F6F8F19323912B1500F65449 /* Intro.json */ = {isa = PBXFileReference; fileEncoding = 4; lastKnownFileType = text.json; path = Intro.json; sourceTree = "<group>"; };
		F6F8F1972391493800F65449 /* Blank0.json */ = {isa = PBXFileReference; fileEncoding = 4; lastKnownFileType = text.json; path = Blank0.json; sourceTree = "<group>"; };
		F6F8F1982391493800F65449 /* Blank1.json */ = {isa = PBXFileReference; fileEncoding = 4; lastKnownFileType = text.json; path = Blank1.json; sourceTree = "<group>"; };
		F6F8F19F2392440700F65449 /* GameVC TipViews.swift */ = {isa = PBXFileReference; lastKnownFileType = sourcecode.swift; path = "GameVC TipViews.swift"; sourceTree = "<group>"; };
		F6F8F1A12392441C00F65449 /* GameVC Constraints.swift */ = {isa = PBXFileReference; lastKnownFileType = sourcecode.swift; path = "GameVC Constraints.swift"; sourceTree = "<group>"; };
		F6F8F1A32392498400F65449 /* GameVC Gesture Recognisers.swift */ = {isa = PBXFileReference; lastKnownFileType = sourcecode.swift; path = "GameVC Gesture Recognisers.swift"; sourceTree = "<group>"; };
		F6F8F1A5239249C900F65449 /* GameVC Timer.swift */ = {isa = PBXFileReference; lastKnownFileType = sourcecode.swift; path = "GameVC Timer.swift"; sourceTree = "<group>"; };
		F6F8F1A7239249F300F65449 /* Game VC Life.swift */ = {isa = PBXFileReference; lastKnownFileType = sourcecode.swift; path = "Game VC Life.swift"; sourceTree = "<group>"; };
		F6F8F1A923924A1E00F65449 /* Game VC AD.swift */ = {isa = PBXFileReference; lastKnownFileType = sourcecode.swift; path = "Game VC AD.swift"; sourceTree = "<group>"; };
		F6F8F1AB23924A4600F65449 /* Game VC Chance.swift */ = {isa = PBXFileReference; lastKnownFileType = sourcecode.swift; path = "Game VC Chance.swift"; sourceTree = "<group>"; };
		F6F8F1AF23924C5200F65449 /* Home VC Lottie.swift */ = {isa = PBXFileReference; lastKnownFileType = sourcecode.swift; path = "Home VC Lottie.swift"; sourceTree = "<group>"; };
		F6F8F1B123924C6200F65449 /* Home VC Puzzle Generator.swift */ = {isa = PBXFileReference; lastKnownFileType = sourcecode.swift; path = "Home VC Puzzle Generator.swift"; sourceTree = "<group>"; };
		F6F8F1B823924DFF00F65449 /* Game VC GAD.swift */ = {isa = PBXFileReference; lastKnownFileType = sourcecode.swift; path = "Game VC GAD.swift"; sourceTree = "<group>"; };
		F6FC487C2385676F0033E358 /* EasyAnswers.plist */ = {isa = PBXFileReference; fileEncoding = 4; lastKnownFileType = text.plist.xml; path = EasyAnswers.plist; sourceTree = "<group>"; };
		F6FD9F8D2382288700A44649 /* InsetLabel.swift */ = {isa = PBXFileReference; lastKnownFileType = sourcecode.swift; path = InsetLabel.swift; sourceTree = "<group>"; };
		F6FD9F8F2382B20A00A44649 /* DoubletapRemover.swift */ = {isa = PBXFileReference; lastKnownFileType = sourcecode.swift; path = DoubletapRemover.swift; sourceTree = "<group>"; };
		F6FED28C2368542400D2BDD3 /* Game Solved VC GAD.swift */ = {isa = PBXFileReference; lastKnownFileType = sourcecode.swift; path = "Game Solved VC GAD.swift"; sourceTree = "<group>"; };
		F6FED28E2368CF6A00D2BDD3 /* CustomAlertViewController.swift */ = {isa = PBXFileReference; lastKnownFileType = sourcecode.swift; path = CustomAlertViewController.swift; sourceTree = "<group>"; };
		F6FED290236A0D9900D2BDD3 /* GameVC MenuView.swift */ = {isa = PBXFileReference; lastKnownFileType = sourcecode.swift; path = "GameVC MenuView.swift"; sourceTree = "<group>"; };
		F6FED294236A0E9300D2BDD3 /* GameVC UISetup.swift */ = {isa = PBXFileReference; lastKnownFileType = sourcecode.swift; path = "GameVC UISetup.swift"; sourceTree = "<group>"; };
		F6FED296236A0F3100D2BDD3 /* SudokuSwitches.swift */ = {isa = PBXFileReference; lastKnownFileType = sourcecode.swift; path = SudokuSwitches.swift; sourceTree = "<group>"; };
		F6FED29F236A8B0E00D2BDD3 /* HomeVCUISetup.swift */ = {isa = PBXFileReference; lastKnownFileType = sourcecode.swift; path = HomeVCUISetup.swift; sourceTree = "<group>"; };
		F6FED2A1236CC14F00D2BDD3 /* CircularLabel.swift */ = {isa = PBXFileReference; lastKnownFileType = sourcecode.swift; path = CircularLabel.swift; sourceTree = "<group>"; };
		F6FED2A3236CC8B900D2BDD3 /* GameSolvedViewController.swift */ = {isa = PBXFileReference; lastKnownFileType = sourcecode.swift; path = GameSolvedViewController.swift; sourceTree = "<group>"; };
/* End PBXFileReference section */

/* Begin PBXFrameworksBuildPhase section */
		F639B1CE2334C3D300CF921A /* Frameworks */ = {
			isa = PBXFrameworksBuildPhase;
			buildActionMask = 2147483647;
			files = (
				AB73DFF3604407128A815B1C /* Pods_Sudoku_Mole.framework in Frameworks */,
				F6416A172389F14D00EC9A46 /* StoreKit.framework in Frameworks */,
			);
			runOnlyForDeploymentPostprocessing = 0;
		};
/* End PBXFrameworksBuildPhase section */

/* Begin PBXGroup section */
		D3AC518DA67D8D79D427893F /* Frameworks */ = {
			isa = PBXGroup;
			children = (
				F6416A162389F14D00EC9A46 /* StoreKit.framework */,
				14AE78D66C4288959B1217F7 /* Pods_Sudoku_Mole.framework */,
			);
			name = Frameworks;
			sourceTree = "<group>";
		};
		E8FFAEDB94EA603FB8A62556 /* Pods */ = {
			isa = PBXGroup;
			children = (
				9957D428FBA3237F23B1A99A /* Pods-Sudoku Mole.debug.xcconfig */,
				16EA470BF123ACCED934E605 /* Pods-Sudoku Mole.release.xcconfig */,
			);
			path = Pods;
			sourceTree = "<group>";
		};
		F62135D52385587800150686 /* Custom Classes */ = {
			isa = PBXGroup;
			children = (
				F6FD9F8F2382B20A00A44649 /* DoubletapRemover.swift */,
				F6512DE6237B271C003997BA /* HalfCircleView.swift */,
				F6CC944E237F08C900F585AC /* RecordsCircularView.swift */,
				F6FED2A1236CC14F00D2BDD3 /* CircularLabel.swift */,
				F62135D12385557500150686 /* DialogLabel.swift */,
				F6FD9F8D2382288700A44649 /* InsetLabel.swift */,
				F6A05A972389BF5E00ED0428 /* PaddedLabel.swift */,
				F68DADDA23AB4143002D6753 /* NoADLabel.swift */,
				F6CC944C237E407200F585AC /* GridView.swift */,
				F65DCF2323925B0B002BF3D1 /* CustomButton.swift */,
			);
			path = "Custom Classes";
			sourceTree = "<group>";
		};
		F639B1C82334C3D300CF921A = {
			isa = PBXGroup;
			children = (
				F639B1D32334C3D300CF921A /* Sudoku Mole */,
				F639B1D22334C3D300CF921A /* Products */,
				E8FFAEDB94EA603FB8A62556 /* Pods */,
				D3AC518DA67D8D79D427893F /* Frameworks */,
			);
			sourceTree = "<group>";
		};
		F639B1D22334C3D300CF921A /* Products */ = {
			isa = PBXGroup;
			children = (
				F639B1D12334C3D300CF921A /* Sudoku Mole.app */,
			);
			name = Products;
			sourceTree = "<group>";
		};
		F639B1D32334C3D300CF921A /* Sudoku Mole */ = {
			isa = PBXGroup;
			children = (
				F60A38C723901A2C001B7749 /* Sudoku Mole.entitlements */,
				F639B1E62334CA4D00CF921A /* Resources */,
				F639B1D42334C3D300CF921A /* AppDelegate.swift */,
				F639B1E02334C3D500CF921A /* Info.plist */,
				F66D598423ACD4F30089B358 /* GoogleService-Info.plist */,
				F639B1EA2334CAAA00CF921A /* Views */,
				F639B1EB2334CAAE00CF921A /* Models */,
				F639B1E92334CAA100CF921A /* Controllers */,
			);
			path = "Sudoku Mole";
			sourceTree = "<group>";
		};
		F639B1E62334CA4D00CF921A /* Resources */ = {
			isa = PBXGroup;
			children = (
				F639B1DB2334C3D500CF921A /* Assets.xcassets */,
				F6ED15BD239E00F0005E1DD7 /* Sound Effect */,
				F6D652D9238B52D200E6D810 /* Lottie */,
				F65DCF1523925518002BF3D1 /* Levels */,
				F65DCF1623925522002BF3D1 /* Fonts */,
			);
			path = Resources;
			sourceTree = "<group>";
		};
		F639B1E92334CAA100CF921A /* Controllers */ = {
			isa = PBXGroup;
			children = (
				F6F8F1AE23924B4F00F65449 /* Home View Controller */,
				F6F8F1AD23924AD900F65449 /* Game View Controller */,
				F6F8F1B323924CCB00F65449 /* GameSolved View Controller */,
				F6F8F1B523924D0900F65449 /* Records View - Related View Controllers */,
				F6F8F1B423924CE700F65449 /* Custom Alert View Controller */,
				F6F8F1B623924D4F00F65449 /* Pause View Controller */,
				F6F8F1B723924D7100F65449 /* Licenses View Controller */,
			);
			path = Controllers;
			sourceTree = "<group>";
		};
		F639B1EA2334CAAA00CF921A /* Views */ = {
			isa = PBXGroup;
			children = (
				F639B1D82334C3D300CF921A /* Main.storyboard */,
				F6A05A8B2387183600ED0428 /* Localizable.strings */,
				F639B1DD2334C3D500CF921A /* LaunchScreen.storyboard */,
			);
			path = Views;
			sourceTree = "<group>";
		};
		F639B1EB2334CAAE00CF921A /* Models */ = {
			isa = PBXGroup;
			children = (
				F6784F3C23630E61008171AC /* SudokuData.swift */,
				F64EBE562356865C0006094F /* SudokuClass.swift */,
				F64EBE58235686780006094F /* SudokuView.swift */,
				F6FED296236A0F3100D2BDD3 /* SudokuSwitches.swift */,
				F619B9F9236F6A4D00DCEDF2 /* SudokuRecords.swift */,
				F6BBAAEA237248A4008B6059 /* SudokuIAP.swift */,
				F62135D3238555D100150686 /* Protocols.swift */,
				F60A38C323900DF4001B7749 /* NotificationCentre.swift */,
				F60A38C523900E01001B7749 /* AppReviewHelper.swift */,
				F62135CD2384F0BB00150686 /* GlobalSpace.swift */,
				F66AEA14239250DC006E598B /* Built-In Types */,
				F62135D52385587800150686 /* Custom Classes */,
			);
			path = Models;
			sourceTree = "<group>";
		};
		F65DCF1523925518002BF3D1 /* Levels */ = {
			isa = PBXGroup;
			children = (
				F64EBE5B235690AA0006094F /* Easy.plist */,
				F6FC487C2385676F0033E358 /* EasyAnswers.plist */,
				F6A1833123CD33590014915C /* Normal.plist */,
				F6BBAAE823722BAF008B6059 /* NormalAnswers.plist */,
				F619B9FD2370CD7900DCEDF2 /* Expert.plist */,
				F6427E542375D63C0083C807 /* ExpertAnswers.plist */,
				F64EBE5A235690AA0006094F /* Hard.plist */,
				F6427E552375D63C0083C807 /* HardAnswers.plist */,
			);
			path = Levels;
			sourceTree = "<group>";
		};
		F65DCF1623925522002BF3D1 /* Fonts */ = {
			isa = PBXGroup;
			children = (
				F65DCF252392DFF1002BF3D1 /* SFProDisplay-Light.ttf */,
				F65DCF1923925557002BF3D1 /* SFProDisplay-Regular.ttf */,
				F65DCF1723925556002BF3D1 /* SFProDisplay-Bold.ttf */,
				F65DCF1823925556002BF3D1 /* SFProDisplay-Medium.ttf */,
				F639B1E72334CA5E00CF921A /* LuckiestGuy-Regular.ttf */,
			);
			path = Fonts;
			sourceTree = "<group>";
		};
		F66AEA14239250DC006E598B /* Built-In Types */ = {
			isa = PBXGroup;
			children = (
				F66AEA1523925102006E598B /* UIDevice.swift */,
				F66AEA1723925112006E598B /* UIView Animations.swift */,
				F66AEA1923925120006E598B /* UIButton.swift */,
				F66AEA1B23925127006E598B /* String.swift */,
				F66AEA1D23925130006E598B /* Substring.swift */,
				F66AEA1F23925136006E598B /* Array.swift */,
			);
			path = "Built-In Types";
			sourceTree = "<group>";
		};
		F6D652D9238B52D200E6D810 /* Lottie */ = {
			isa = PBXGroup;
			children = (
				F6D652DC238B53BB00E6D810 /* Home */,
				F6D652DB238B53A100E6D810 /* Chance */,
				F6D652DA238B539D00E6D810 /* Firework */,
			);
			path = Lottie;
			sourceTree = "<group>";
		};
		F6D652DA238B539D00E6D810 /* Firework */ = {
			isa = PBXGroup;
			children = (
				F6D65305238BC8B100E6D810 /* Firework.json */,
			);
			path = Firework;
			sourceTree = "<group>";
		};
		F6D652DB238B53A100E6D810 /* Chance */ = {
			isa = PBXGroup;
			children = (
				F6D652E8238B542900E6D810 /* Chance1.json */,
				F6D652E4238B542800E6D810 /* Chance1Side.json */,
				F6D652E7238B542900E6D810 /* Chance2.json */,
				F6D652EF238B542900E6D810 /* Chance2Side.json */,
				F6D652E6238B542900E6D810 /* Chance3.json */,
				F6D652F0238B542900E6D810 /* Chance3Side.json */,
				F6D652EA238B542900E6D810 /* Chance4.json */,
				F6D652E3238B542800E6D810 /* Chance4Side.json */,
				F6D652ED238B542900E6D810 /* Chance5.json */,
				F6D652E1238B542800E6D810 /* Chance5Side.json */,
				F6D652EC238B542900E6D810 /* Chance6.json */,
				F6D652DF238B542800E6D810 /* Chance6Side.json */,
				F6D652EE238B542900E6D810 /* Chance7.json */,
				F6D652EB238B542900E6D810 /* Chance7Side.json */,
				F6D652E0238B542800E6D810 /* Chance8.json */,
				F6D652E2238B542800E6D810 /* Chance8Side.json */,
				F6D652E9238B542900E6D810 /* Chance9.json */,
				F6D652E5238B542900E6D810 /* Chance9Side.json */,
				F6F8F1972391493800F65449 /* Blank0.json */,
				F6F8F1982391493800F65449 /* Blank1.json */,
			);
			path = Chance;
			sourceTree = "<group>";
		};
		F6D652DC238B53BB00E6D810 /* Home */ = {
			isa = PBXGroup;
			children = (
				F6F8F19323912B1500F65449 /* Intro.json */,
			);
			path = Home;
			sourceTree = "<group>";
		};
		F6ED15BD239E00F0005E1DD7 /* Sound Effect */ = {
			isa = PBXGroup;
			children = (
				F6A1833723CDD1830014915C /* BGM0.mp3 */,
				F6A1834123CDD1830014915C /* BGM1.mp3 */,
				F6A1833923CDD1830014915C /* countdown.mp3 */,
				F6A1833F23CDD1830014915C /* gameSolvedFirework.mp3 */,
				F6A1833C23CDD1830014915C /* inGameBoardTouch.mp3 */,
				F6A1833D23CDD1830014915C /* inGameChance.mp3 */,
				F6A1833B23CDD1830014915C /* inGameKeypad.mp3 */,
				F6A1833823CDD1830014915C /* inGameMenuAndButtons.mp3 */,
				F6A1834023CDD1830014915C /* inGamePause.mp3 */,
				F6A1833E23CDD1830014915C /* inGameWrong.mp3 */,
				F6A1833A23CDD1830014915C /* startAndLevel.mp3 */,
			);
			path = "Sound Effect";
			sourceTree = "<group>";
		};
		F6F8F1AD23924AD900F65449 /* Game View Controller */ = {
			isa = PBXGroup;
			children = (
				F639B1EF2336077700CF921A /* GameViewController.swift */,
				F6F8F19F2392440700F65449 /* GameVC TipViews.swift */,
				F6F8F1A32392498400F65449 /* GameVC Gesture Recognisers.swift */,
				F6F8F1A5239249C900F65449 /* GameVC Timer.swift */,
				F6F8F1A7239249F300F65449 /* Game VC Life.swift */,
				F6F8F1AB23924A4600F65449 /* Game VC Chance.swift */,
				F6F8F1B823924DFF00F65449 /* Game VC GAD.swift */,
				F6F8F1A923924A1E00F65449 /* Game VC AD.swift */,
				F6F8F1A12392441C00F65449 /* GameVC Constraints.swift */,
				F6FED294236A0E9300D2BDD3 /* GameVC UISetup.swift */,
				F6FED290236A0D9900D2BDD3 /* GameVC MenuView.swift */,
				F6512DE4237A1934003997BA /* Game VC IAP.swift */,
				F6A1833323CD4AB70014915C /* Game VC SaveAndLoad.swift */,
			);
			path = "Game View Controller";
			sourceTree = "<group>";
		};
		F6F8F1AE23924B4F00F65449 /* Home View Controller */ = {
			isa = PBXGroup;
			children = (
				F639B1D62334C3D300CF921A /* HomeViewController.swift */,
				F6FED29F236A8B0E00D2BDD3 /* HomeVCUISetup.swift */,
				F6F8F1AF23924C5200F65449 /* Home VC Lottie.swift */,
				F6F8F1B123924C6200F65449 /* Home VC Puzzle Generator.swift */,
			);
			path = "Home View Controller";
			sourceTree = "<group>";
		};
		F6F8F1B323924CCB00F65449 /* GameSolved View Controller */ = {
			isa = PBXGroup;
			children = (
				F6FED2A3236CC8B900D2BDD3 /* GameSolvedViewController.swift */,
				F6A608F52381E00100560E19 /* GameSolvedTableViewCell.swift */,
				F6FED28C2368542400D2BDD3 /* Game Solved VC GAD.swift */,
				F65DCF292392E913002BF3D1 /* Game Solved VC UIActivityVC Delegate.swift */,
			);
			path = "GameSolved View Controller";
			sourceTree = "<group>";
		};
		F6F8F1B423924CE700F65449 /* Custom Alert View Controller */ = {
			isa = PBXGroup;
			children = (
				F6FED28E2368CF6A00D2BDD3 /* CustomAlertViewController.swift */,
			);
			path = "Custom Alert View Controller";
			sourceTree = "<group>";
		};
		F6F8F1B523924D0900F65449 /* Records View - Related View Controllers */ = {
			isa = PBXGroup;
			children = (
				F6A3409D237DB1AC00194C60 /* RecordsPageViewController.swift */,
				F6A3409F237DD56000194C60 /* EasyViewController.swift */,
				F6A340A1237DD56E00194C60 /* NormalViewController.swift */,
				F6A340A3237DD57600194C60 /* HardViewController.swift */,
				F6A340A5237DD57E00194C60 /* ExpertViewController.swift */,
				F6A608F72381E9E800560E19 /* RecordsTableViewCell.swift */,
			);
			path = "Records View - Related View Controllers";
			sourceTree = "<group>";
		};
		F6F8F1B623924D4F00F65449 /* Pause View Controller */ = {
			isa = PBXGroup;
			children = (
				F66E709F238305FF0056528F /* PauseViewController.swift */,
			);
			path = "Pause View Controller";
			sourceTree = "<group>";
		};
		F6F8F1B723924D7100F65449 /* Licenses View Controller */ = {
			isa = PBXGroup;
			children = (
				F6F8F1912390B7E400F65449 /* LicensesViewController.swift */,
			);
			path = "Licenses View Controller";
			sourceTree = "<group>";
		};
/* End PBXGroup section */

/* Begin PBXNativeTarget section */
		F639B1D02334C3D300CF921A /* Sudoku Mole */ = {
			isa = PBXNativeTarget;
			buildConfigurationList = F639B1E32334C3D500CF921A /* Build configuration list for PBXNativeTarget "Sudoku Mole" */;
			buildPhases = (
				130223DBF8CB28F138C866AF /* [CP] Check Pods Manifest.lock */,
				F639B1CD2334C3D300CF921A /* Sources */,
				F639B1CE2334C3D300CF921A /* Frameworks */,
				F639B1CF2334C3D300CF921A /* Resources */,
				AE189C20F680A2D50D102244 /* [CP] Embed Pods Frameworks */,
				DC3F30A4499F919895686408 /* [CP] Copy Pods Resources */,
			);
			buildRules = (
			);
			dependencies = (
			);
			name = "Sudoku Mole";
			productName = "Sudoku Mole";
			productReference = F639B1D12334C3D300CF921A /* Sudoku Mole.app */;
			productType = "com.apple.product-type.application";
		};
/* End PBXNativeTarget section */

/* Begin PBXProject section */
		F639B1C92334C3D300CF921A /* Project object */ = {
			isa = PBXProject;
			attributes = {
				LastSwiftUpdateCheck = 1030;
				LastUpgradeCheck = 1030;
				ORGANIZATIONNAME = cochipcho;
				TargetAttributes = {
					F639B1D02334C3D300CF921A = {
						CreatedOnToolsVersion = 10.3;
					};
				};
			};
			buildConfigurationList = F639B1CC2334C3D300CF921A /* Build configuration list for PBXProject "Sudoku Mole" */;
			compatibilityVersion = "Xcode 9.3";
			developmentRegion = en;
			hasScannedForEncodings = 0;
			knownRegions = (
				en,
				Base,
				ko,
				"zh-Hans",
				"zh-HK",
			);
			mainGroup = F639B1C82334C3D300CF921A;
			productRefGroup = F639B1D22334C3D300CF921A /* Products */;
			projectDirPath = "";
			projectRoot = "";
			targets = (
				F639B1D02334C3D300CF921A /* Sudoku Mole */,
			);
		};
/* End PBXProject section */

/* Begin PBXResourcesBuildPhase section */
		F639B1CF2334C3D300CF921A /* Resources */ = {
			isa = PBXResourcesBuildPhase;
			buildActionMask = 2147483647;
			files = (
				F6D652FF238B542900E6D810 /* Chance5.json in Resources */,
				F6427E572375D63D0083C807 /* ExpertAnswers.plist in Resources */,
				F6D652F8238B542900E6D810 /* Chance3.json in Resources */,
				F619B9FE2370CD7900DCEDF2 /* Expert.plist in Resources */,
				F6A1834B23CDD1830014915C /* inGamePause.mp3 in Resources */,
				F639B1DF2334C3D500CF921A /* LaunchScreen.storyboard in Resources */,
				F6D652F4238B542900E6D810 /* Chance8Side.json in Resources */,
				F65DCF21239255DF002BF3D1 /* SFProDisplay-Bold.ttf in Resources */,
				F6D652FD238B542900E6D810 /* Chance7Side.json in Resources */,
				F6A1834723CDD1830014915C /* inGameBoardTouch.mp3 in Resources */,
				F639B1DC2334C3D500CF921A /* Assets.xcassets in Resources */,
				F66D598523ACD4F30089B358 /* GoogleService-Info.plist in Resources */,
				F6A1834A23CDD1830014915C /* gameSolvedFirework.mp3 in Resources */,
				F65DCF22239255E2002BF3D1 /* SFProDisplay-Medium.ttf in Resources */,
				F6A1834623CDD1830014915C /* inGameKeypad.mp3 in Resources */,
				F6D65306238BC8B100E6D810 /* Firework.json in Resources */,
				F6D652F2238B542900E6D810 /* Chance8.json in Resources */,
				F6A1834823CDD1830014915C /* inGameChance.mp3 in Resources */,
				F6F8F19A2391493800F65449 /* Blank1.json in Resources */,
				F6D652F9238B542900E6D810 /* Chance2.json in Resources */,
				F64EBE5C235690AA0006094F /* Hard.plist in Resources */,
				F6A1834523CDD1830014915C /* startAndLevel.mp3 in Resources */,
				F6D652FC238B542900E6D810 /* Chance4.json in Resources */,
				F6D65300238B542900E6D810 /* Chance7.json in Resources */,
				F6F8F1992391493800F65449 /* Blank0.json in Resources */,
				F6A05A892387183600ED0428 /* Localizable.strings in Resources */,
				F6D652F3238B542900E6D810 /* Chance5Side.json in Resources */,
				F6D65302238B542900E6D810 /* Chance3Side.json in Resources */,
				F6D652F7238B542900E6D810 /* Chance9Side.json in Resources */,
				F6D652FB238B542900E6D810 /* Chance9.json in Resources */,
				F639B1DA2334C3D300CF921A /* Main.storyboard in Resources */,
				F6A1833223CD33590014915C /* Normal.plist in Resources */,
				F65DCF20239255DC002BF3D1 /* SFProDisplay-Regular.ttf in Resources */,
				F65DCF272392DFF1002BF3D1 /* SFProDisplay-Light.ttf in Resources */,
				F6A1834323CDD1830014915C /* inGameMenuAndButtons.mp3 in Resources */,
				F6D65301238B542900E6D810 /* Chance2Side.json in Resources */,
				F6A1834423CDD1830014915C /* countdown.mp3 in Resources */,
				F6D652F1238B542900E6D810 /* Chance6Side.json in Resources */,
				F64EBE5D235690AA0006094F /* Easy.plist in Resources */,
				F6D652F5238B542900E6D810 /* Chance4Side.json in Resources */,
				F639B1E82334CA5E00CF921A /* LuckiestGuy-Regular.ttf in Resources */,
				F6D652F6238B542900E6D810 /* Chance1Side.json in Resources */,
				F6BBAAE923722BAF008B6059 /* NormalAnswers.plist in Resources */,
				F6D652FA238B542900E6D810 /* Chance1.json in Resources */,
				F6F8F19423912B1500F65449 /* Intro.json in Resources */,
				F6A1834923CDD1830014915C /* inGameWrong.mp3 in Resources */,
				F6A1834223CDD1830014915C /* BGM0.mp3 in Resources */,
				F6427E582375D63D0083C807 /* HardAnswers.plist in Resources */,
				F6A1834C23CDD1830014915C /* BGM1.mp3 in Resources */,
				F6D652FE238B542900E6D810 /* Chance6.json in Resources */,
				F6FC487D2385676F0033E358 /* EasyAnswers.plist in Resources */,
			);
			runOnlyForDeploymentPostprocessing = 0;
		};
/* End PBXResourcesBuildPhase section */

/* Begin PBXShellScriptBuildPhase section */
		130223DBF8CB28F138C866AF /* [CP] Check Pods Manifest.lock */ = {
			isa = PBXShellScriptBuildPhase;
			buildActionMask = 2147483647;
			files = (
			);
			inputFileListPaths = (
			);
			inputPaths = (
				"${PODS_PODFILE_DIR_PATH}/Podfile.lock",
				"${PODS_ROOT}/Manifest.lock",
			);
			name = "[CP] Check Pods Manifest.lock";
			outputFileListPaths = (
			);
			outputPaths = (
				"$(DERIVED_FILE_DIR)/Pods-Sudoku Mole-checkManifestLockResult.txt",
			);
			runOnlyForDeploymentPostprocessing = 0;
			shellPath = /bin/sh;
			shellScript = "diff \"${PODS_PODFILE_DIR_PATH}/Podfile.lock\" \"${PODS_ROOT}/Manifest.lock\" > /dev/null\nif [ $? != 0 ] ; then\n    # print error to STDERR\n    echo \"error: The sandbox is not in sync with the Podfile.lock. Run 'pod install' or update your CocoaPods installation.\" >&2\n    exit 1\nfi\n# This output is used by Xcode 'outputs' to avoid re-running this script phase.\necho \"SUCCESS\" > \"${SCRIPT_OUTPUT_FILE_0}\"\n";
			showEnvVarsInLog = 0;
		};
		AE189C20F680A2D50D102244 /* [CP] Embed Pods Frameworks */ = {
			isa = PBXShellScriptBuildPhase;
			buildActionMask = 2147483647;
			files = (
			);
			inputFileListPaths = (
				"${PODS_ROOT}/Target Support Files/Pods-Sudoku Mole/Pods-Sudoku Mole-frameworks-${CONFIGURATION}-input-files.xcfilelist",
			);
			name = "[CP] Embed Pods Frameworks";
			outputFileListPaths = (
				"${PODS_ROOT}/Target Support Files/Pods-Sudoku Mole/Pods-Sudoku Mole-frameworks-${CONFIGURATION}-output-files.xcfilelist",
			);
			runOnlyForDeploymentPostprocessing = 0;
			shellPath = /bin/sh;
			shellScript = "\"${PODS_ROOT}/Target Support Files/Pods-Sudoku Mole/Pods-Sudoku Mole-frameworks.sh\"\n";
			showEnvVarsInLog = 0;
		};
		DC3F30A4499F919895686408 /* [CP] Copy Pods Resources */ = {
			isa = PBXShellScriptBuildPhase;
			buildActionMask = 2147483647;
			files = (
			);
			inputFileListPaths = (
				"${PODS_ROOT}/Target Support Files/Pods-Sudoku Mole/Pods-Sudoku Mole-resources-${CONFIGURATION}-input-files.xcfilelist",
			);
			name = "[CP] Copy Pods Resources";
			outputFileListPaths = (
				"${PODS_ROOT}/Target Support Files/Pods-Sudoku Mole/Pods-Sudoku Mole-resources-${CONFIGURATION}-output-files.xcfilelist",
			);
			runOnlyForDeploymentPostprocessing = 0;
			shellPath = /bin/sh;
			shellScript = "\"${PODS_ROOT}/Target Support Files/Pods-Sudoku Mole/Pods-Sudoku Mole-resources.sh\"\n";
			showEnvVarsInLog = 0;
		};
/* End PBXShellScriptBuildPhase section */

/* Begin PBXSourcesBuildPhase section */
		F639B1CD2334C3D300CF921A /* Sources */ = {
			isa = PBXSourcesBuildPhase;
			buildActionMask = 2147483647;
			files = (
				F66AEA1C23925127006E598B /* String.swift in Sources */,
				F6FED28D2368542400D2BDD3 /* Game Solved VC GAD.swift in Sources */,
				F65DCF2423925B0B002BF3D1 /* CustomButton.swift in Sources */,
				F6FED2A4236CC8B900D2BDD3 /* GameSolvedViewController.swift in Sources */,
				F639B1F02336077700CF921A /* GameViewController.swift in Sources */,
				F6FED28F2368CF6A00D2BDD3 /* CustomAlertViewController.swift in Sources */,
				F62135D22385557500150686 /* DialogLabel.swift in Sources */,
				F68DADDB23AB4143002D6753 /* NoADLabel.swift in Sources */,
				F6512DE5237A1934003997BA /* Game VC IAP.swift in Sources */,
				F60A38C423900DF4001B7749 /* NotificationCentre.swift in Sources */,
				F6A340A2237DD56E00194C60 /* NormalViewController.swift in Sources */,
				F6FED297236A0F3100D2BDD3 /* SudokuSwitches.swift in Sources */,
				F66AEA1A23925120006E598B /* UIButton.swift in Sources */,
				F6F8F1A6239249C900F65449 /* GameVC Timer.swift in Sources */,
				F62135D4238555D100150686 /* Protocols.swift in Sources */,
				F6F8F1AA23924A1E00F65449 /* Game VC AD.swift in Sources */,
				F6F8F1A8239249F300F65449 /* Game VC Life.swift in Sources */,
				F6F8F1B923924DFF00F65449 /* Game VC GAD.swift in Sources */,
				F66AEA1823925112006E598B /* UIView Animations.swift in Sources */,
				F6A340A6237DD57E00194C60 /* ExpertViewController.swift in Sources */,
				F6A608F82381E9E800560E19 /* RecordsTableViewCell.swift in Sources */,
				F639B1D72334C3D300CF921A /* HomeViewController.swift in Sources */,
				F66E70A0238305FF0056528F /* PauseViewController.swift in Sources */,
				F6784F3D23630E61008171AC /* SudokuData.swift in Sources */,
				F6F8F1AC23924A4600F65449 /* Game VC Chance.swift in Sources */,
				F6F8F1A02392440700F65449 /* GameVC TipViews.swift in Sources */,
				F6A340A4237DD57600194C60 /* HardViewController.swift in Sources */,
				F66AEA1E23925130006E598B /* Substring.swift in Sources */,
				F6A1833423CD4AB70014915C /* Game VC SaveAndLoad.swift in Sources */,
				F66AEA2023925136006E598B /* Array.swift in Sources */,
				F6FD9F902382B20A00A44649 /* DoubletapRemover.swift in Sources */,
				F6A340A0237DD56000194C60 /* EasyViewController.swift in Sources */,
				F6FED291236A0D9900D2BDD3 /* GameVC MenuView.swift in Sources */,
				F6A608F62381E00100560E19 /* GameSolvedTableViewCell.swift in Sources */,
				F6FD9F8E2382288700A44649 /* InsetLabel.swift in Sources */,
				F6A05A982389BF5E00ED0428 /* PaddedLabel.swift in Sources */,
				F639B1D52334C3D300CF921A /* AppDelegate.swift in Sources */,
				F64EBE59235686780006094F /* SudokuView.swift in Sources */,
				F6A3409E237DB1AC00194C60 /* RecordsPageViewController.swift in Sources */,
				F60A38C623900E01001B7749 /* AppReviewHelper.swift in Sources */,
				F66AEA1623925102006E598B /* UIDevice.swift in Sources */,
				F6F8F1B223924C6200F65449 /* Home VC Puzzle Generator.swift in Sources */,
				F619B9FA236F6A4D00DCEDF2 /* SudokuRecords.swift in Sources */,
				F62135CE2384F0BB00150686 /* GlobalSpace.swift in Sources */,
				F6FED295236A0E9300D2BDD3 /* GameVC UISetup.swift in Sources */,
				F64EBE572356865C0006094F /* SudokuClass.swift in Sources */,
				F6F8F1A22392441C00F65449 /* GameVC Constraints.swift in Sources */,
				F6512DE7237B271C003997BA /* HalfCircleView.swift in Sources */,
				F6CC944D237E407200F585AC /* GridView.swift in Sources */,
				F6FED2A2236CC14F00D2BDD3 /* CircularLabel.swift in Sources */,
				F6F8F1922390B7E400F65449 /* LicensesViewController.swift in Sources */,
				F6BBAAEB237248A4008B6059 /* SudokuIAP.swift in Sources */,
				F6FED2A0236A8B0E00D2BDD3 /* HomeVCUISetup.swift in Sources */,
				F6F8F1B023924C5200F65449 /* Home VC Lottie.swift in Sources */,
				F6F8F1A42392498400F65449 /* GameVC Gesture Recognisers.swift in Sources */,
				F6CC944F237F08C900F585AC /* RecordsCircularView.swift in Sources */,
				F65DCF2A2392E913002BF3D1 /* Game Solved VC UIActivityVC Delegate.swift in Sources */,
			);
			runOnlyForDeploymentPostprocessing = 0;
		};
/* End PBXSourcesBuildPhase section */

/* Begin PBXVariantGroup section */
		F639B1D82334C3D300CF921A /* Main.storyboard */ = {
			isa = PBXVariantGroup;
			children = (
				F639B1D92334C3D300CF921A /* Base */,
				F6A05A7F2387164600ED0428 /* ko */,
				F6A05A812387168C00ED0428 /* zh-Hans */,
				F6A05A9423871EFA00ED0428 /* zh-HK */,
			);
			name = Main.storyboard;
			sourceTree = "<group>";
		};
		F639B1DD2334C3D500CF921A /* LaunchScreen.storyboard */ = {
			isa = PBXVariantGroup;
			children = (
				F639B1DE2334C3D500CF921A /* Base */,
				F6A05A802387164700ED0428 /* ko */,
				F6A05A822387168C00ED0428 /* zh-Hans */,
				F6A05A9523871EFB00ED0428 /* zh-HK */,
			);
			name = LaunchScreen.storyboard;
			sourceTree = "<group>";
		};
		F6A05A8B2387183600ED0428 /* Localizable.strings */ = {
			isa = PBXVariantGroup;
			children = (
				F6A05A8A2387183600ED0428 /* ko */,
				F6A05A9323871DF500ED0428 /* zh-Hans */,
				F6A05A9623871EFB00ED0428 /* zh-HK */,
			);
			name = Localizable.strings;
			sourceTree = "<group>";
		};
/* End PBXVariantGroup section */

/* Begin XCBuildConfiguration section */
		F639B1E12334C3D500CF921A /* Debug */ = {
			isa = XCBuildConfiguration;
			buildSettings = {
				ALWAYS_SEARCH_USER_PATHS = NO;
				CLANG_ANALYZER_LOCALIZABILITY_NONLOCALIZED = YES;
				CLANG_ANALYZER_NONNULL = YES;
				CLANG_ANALYZER_NUMBER_OBJECT_CONVERSION = YES_AGGRESSIVE;
				CLANG_CXX_LANGUAGE_STANDARD = "gnu++14";
				CLANG_CXX_LIBRARY = "libc++";
				CLANG_ENABLE_MODULES = YES;
				CLANG_ENABLE_OBJC_ARC = YES;
				CLANG_ENABLE_OBJC_WEAK = YES;
				CLANG_WARN_BLOCK_CAPTURE_AUTORELEASING = YES;
				CLANG_WARN_BOOL_CONVERSION = YES;
				CLANG_WARN_COMMA = YES;
				CLANG_WARN_CONSTANT_CONVERSION = YES;
				CLANG_WARN_DEPRECATED_OBJC_IMPLEMENTATIONS = YES;
				CLANG_WARN_DIRECT_OBJC_ISA_USAGE = YES_ERROR;
				CLANG_WARN_DOCUMENTATION_COMMENTS = YES;
				CLANG_WARN_EMPTY_BODY = YES;
				CLANG_WARN_ENUM_CONVERSION = YES;
				CLANG_WARN_INFINITE_RECURSION = YES;
				CLANG_WARN_INT_CONVERSION = YES;
				CLANG_WARN_NON_LITERAL_NULL_CONVERSION = YES;
				CLANG_WARN_OBJC_IMPLICIT_RETAIN_SELF = YES;
				CLANG_WARN_OBJC_LITERAL_CONVERSION = YES;
				CLANG_WARN_OBJC_ROOT_CLASS = YES_ERROR;
				CLANG_WARN_RANGE_LOOP_ANALYSIS = YES;
				CLANG_WARN_STRICT_PROTOTYPES = YES;
				CLANG_WARN_SUSPICIOUS_MOVE = YES;
				CLANG_WARN_UNGUARDED_AVAILABILITY = YES_AGGRESSIVE;
				CLANG_WARN_UNREACHABLE_CODE = YES;
				CLANG_WARN__DUPLICATE_METHOD_MATCH = YES;
				CODE_SIGN_IDENTITY = "iPhone Developer";
				COPY_PHASE_STRIP = NO;
				DEBUG_INFORMATION_FORMAT = dwarf;
				ENABLE_STRICT_OBJC_MSGSEND = YES;
				ENABLE_TESTABILITY = YES;
				GCC_C_LANGUAGE_STANDARD = gnu11;
				GCC_DYNAMIC_NO_PIC = NO;
				GCC_NO_COMMON_BLOCKS = YES;
				GCC_OPTIMIZATION_LEVEL = 0;
				GCC_PREPROCESSOR_DEFINITIONS = (
					"DEBUG=1",
					"$(inherited)",
				);
				GCC_WARN_64_TO_32_BIT_CONVERSION = YES;
				GCC_WARN_ABOUT_RETURN_TYPE = YES_ERROR;
				GCC_WARN_UNDECLARED_SELECTOR = YES;
				GCC_WARN_UNINITIALIZED_AUTOS = YES_AGGRESSIVE;
				GCC_WARN_UNUSED_FUNCTION = YES;
				GCC_WARN_UNUSED_VARIABLE = YES;
				IPHONEOS_DEPLOYMENT_TARGET = 11.0;
				MTL_ENABLE_DEBUG_INFO = INCLUDE_SOURCE;
				MTL_FAST_MATH = YES;
				ONLY_ACTIVE_ARCH = YES;
				SDKROOT = iphoneos;
				SWIFT_ACTIVE_COMPILATION_CONDITIONS = DEBUG;
				SWIFT_OPTIMIZATION_LEVEL = "-Onone";
			};
			name = Debug;
		};
		F639B1E22334C3D500CF921A /* Release */ = {
			isa = XCBuildConfiguration;
			buildSettings = {
				ALWAYS_SEARCH_USER_PATHS = NO;
				CLANG_ANALYZER_LOCALIZABILITY_NONLOCALIZED = YES;
				CLANG_ANALYZER_NONNULL = YES;
				CLANG_ANALYZER_NUMBER_OBJECT_CONVERSION = YES_AGGRESSIVE;
				CLANG_CXX_LANGUAGE_STANDARD = "gnu++14";
				CLANG_CXX_LIBRARY = "libc++";
				CLANG_ENABLE_MODULES = YES;
				CLANG_ENABLE_OBJC_ARC = YES;
				CLANG_ENABLE_OBJC_WEAK = YES;
				CLANG_WARN_BLOCK_CAPTURE_AUTORELEASING = YES;
				CLANG_WARN_BOOL_CONVERSION = YES;
				CLANG_WARN_COMMA = YES;
				CLANG_WARN_CONSTANT_CONVERSION = YES;
				CLANG_WARN_DEPRECATED_OBJC_IMPLEMENTATIONS = YES;
				CLANG_WARN_DIRECT_OBJC_ISA_USAGE = YES_ERROR;
				CLANG_WARN_DOCUMENTATION_COMMENTS = YES;
				CLANG_WARN_EMPTY_BODY = YES;
				CLANG_WARN_ENUM_CONVERSION = YES;
				CLANG_WARN_INFINITE_RECURSION = YES;
				CLANG_WARN_INT_CONVERSION = YES;
				CLANG_WARN_NON_LITERAL_NULL_CONVERSION = YES;
				CLANG_WARN_OBJC_IMPLICIT_RETAIN_SELF = YES;
				CLANG_WARN_OBJC_LITERAL_CONVERSION = YES;
				CLANG_WARN_OBJC_ROOT_CLASS = YES_ERROR;
				CLANG_WARN_RANGE_LOOP_ANALYSIS = YES;
				CLANG_WARN_STRICT_PROTOTYPES = YES;
				CLANG_WARN_SUSPICIOUS_MOVE = YES;
				CLANG_WARN_UNGUARDED_AVAILABILITY = YES_AGGRESSIVE;
				CLANG_WARN_UNREACHABLE_CODE = YES;
				CLANG_WARN__DUPLICATE_METHOD_MATCH = YES;
				CODE_SIGN_IDENTITY = "iPhone Developer";
				COPY_PHASE_STRIP = NO;
				DEBUG_INFORMATION_FORMAT = "dwarf-with-dsym";
				ENABLE_NS_ASSERTIONS = NO;
				ENABLE_STRICT_OBJC_MSGSEND = YES;
				GCC_C_LANGUAGE_STANDARD = gnu11;
				GCC_NO_COMMON_BLOCKS = YES;
				GCC_WARN_64_TO_32_BIT_CONVERSION = YES;
				GCC_WARN_ABOUT_RETURN_TYPE = YES_ERROR;
				GCC_WARN_UNDECLARED_SELECTOR = YES;
				GCC_WARN_UNINITIALIZED_AUTOS = YES_AGGRESSIVE;
				GCC_WARN_UNUSED_FUNCTION = YES;
				GCC_WARN_UNUSED_VARIABLE = YES;
				IPHONEOS_DEPLOYMENT_TARGET = 11.0;
				MTL_ENABLE_DEBUG_INFO = NO;
				MTL_FAST_MATH = YES;
				SDKROOT = iphoneos;
				SWIFT_COMPILATION_MODE = wholemodule;
				SWIFT_OPTIMIZATION_LEVEL = "-O";
				VALIDATE_PRODUCT = YES;
			};
			name = Release;
		};
		F639B1E42334C3D500CF921A /* Debug */ = {
			isa = XCBuildConfiguration;
			baseConfigurationReference = 9957D428FBA3237F23B1A99A /* Pods-Sudoku Mole.debug.xcconfig */;
			buildSettings = {
				ASSETCATALOG_COMPILER_APPICON_NAME = AppIcon;
				CODE_SIGN_ENTITLEMENTS = "Sudoku Mole/Sudoku Mole.entitlements";
				CODE_SIGN_STYLE = Automatic;
				CURRENT_PROJECT_VERSION = 9;
				DEVELOPMENT_TEAM = RF525HK56L;
				INFOPLIST_FILE = "Sudoku Mole/Info.plist";
				LD_RUNPATH_SEARCH_PATHS = (
					"$(inherited)",
					"@executable_path/Frameworks",
				);
				MARKETING_VERSION = 1.0.0;
				PRODUCT_BUNDLE_IDENTIFIER = com.cochipcho.SudokuMole;
				PRODUCT_NAME = "$(TARGET_NAME)";
				SWIFT_VERSION = 5.0;
				TARGETED_DEVICE_FAMILY = 1;
			};
			name = Debug;
		};
		F639B1E52334C3D500CF921A /* Release */ = {
			isa = XCBuildConfiguration;
			baseConfigurationReference = 16EA470BF123ACCED934E605 /* Pods-Sudoku Mole.release.xcconfig */;
			buildSettings = {
				ASSETCATALOG_COMPILER_APPICON_NAME = AppIcon;
				CODE_SIGN_ENTITLEMENTS = "Sudoku Mole/Sudoku Mole.entitlements";
				CODE_SIGN_STYLE = Automatic;
				CURRENT_PROJECT_VERSION = 9;
				DEVELOPMENT_TEAM = RF525HK56L;
				INFOPLIST_FILE = "Sudoku Mole/Info.plist";
				LD_RUNPATH_SEARCH_PATHS = (
					"$(inherited)",
					"@executable_path/Frameworks",
				);
				MARKETING_VERSION = 1.0.0;
				PRODUCT_BUNDLE_IDENTIFIER = com.cochipcho.SudokuMole;
				PRODUCT_NAME = "$(TARGET_NAME)";
				SWIFT_VERSION = 5.0;
				TARGETED_DEVICE_FAMILY = 1;
			};
			name = Release;
		};
/* End XCBuildConfiguration section */

/* Begin XCConfigurationList section */
		F639B1CC2334C3D300CF921A /* Build configuration list for PBXProject "Sudoku Mole" */ = {
			isa = XCConfigurationList;
			buildConfigurations = (
				F639B1E12334C3D500CF921A /* Debug */,
				F639B1E22334C3D500CF921A /* Release */,
			);
			defaultConfigurationIsVisible = 0;
			defaultConfigurationName = Release;
		};
		F639B1E32334C3D500CF921A /* Build configuration list for PBXNativeTarget "Sudoku Mole" */ = {
			isa = XCConfigurationList;
			buildConfigurations = (
				F639B1E42334C3D500CF921A /* Debug */,
				F639B1E52334C3D500CF921A /* Release */,
			);
			defaultConfigurationIsVisible = 0;
			defaultConfigurationName = Release;
		};
/* End XCConfigurationList section */
	};
	rootObject = F639B1C92334C3D300CF921A /* Project object */;
}
